// !$*UTF8*$!
{
	archiveVersion = 1;
	classes = {
	};
	objectVersion = 48;
	objects = {

/* Begin PBXBuildFile section */
		70B85EEF20418EA200D46E4D /* AppDelegate.m in Sources */ = {isa = PBXBuildFile; fileRef = 70B85EEE20418EA200D46E4D /* AppDelegate.m */; };
		70B85EF220418EA200D46E4D /* ViewController.m in Sources */ = {isa = PBXBuildFile; fileRef = 70B85EF120418EA200D46E4D /* ViewController.m */; };
		70B85EF520418EA200D46E4D /* Main.storyboard in Resources */ = {isa = PBXBuildFile; fileRef = 70B85EF320418EA200D46E4D /* Main.storyboard */; };
		70B85EF720418EA200D46E4D /* Assets.xcassets in Resources */ = {isa = PBXBuildFile; fileRef = 70B85EF620418EA200D46E4D /* Assets.xcassets */; };
		70B85EFA20418EA200D46E4D /* LaunchScreen.storyboard in Resources */ = {isa = PBXBuildFile; fileRef = 70B85EF820418EA200D46E4D /* LaunchScreen.storyboard */; };
		70B85EFD20418EA200D46E4D /* main.m in Sources */ = {isa = PBXBuildFile; fileRef = 70B85EFC20418EA200D46E4D /* main.m */; };
		70B85F0520418EE800D46E4D /* SecondViewController.m in Sources */ = {isa = PBXBuildFile; fileRef = 70B85F0420418EE800D46E4D /* SecondViewController.m */; };
/* End PBXBuildFile section */

/* Begin PBXFileReference section */
		70B85EEA20418EA200D46E4D /* retainCycleDemo.app */ = {isa = PBXFileReference; explicitFileType = wrapper.application; includeInIndex = 0; path = retainCycleDemo.app; sourceTree = BUILT_PRODUCTS_DIR; };
		70B85EED20418EA200D46E4D /* AppDelegate.h */ = {isa = PBXFileReference; lastKnownFileType = sourcecode.c.h; path = AppDelegate.h; sourceTree = "<group>"; };
		70B85EEE20418EA200D46E4D /* AppDelegate.m */ = {isa = PBXFileReference; lastKnownFileType = sourcecode.c.objc; path = AppDelegate.m; sourceTree = "<group>"; };
		70B85EF020418EA200D46E4D /* ViewController.h */ = {isa = PBXFileReference; lastKnownFileType = sourcecode.c.h; path = ViewController.h; sourceTree = "<group>"; };
		70B85EF120418EA200D46E4D /* ViewController.m */ = {isa = PBXFileReference; lastKnownFileType = sourcecode.c.objc; path = ViewController.m; sourceTree = "<group>"; };
		70B85EF420418EA200D46E4D /* Base */ = {isa = PBXFileReference; lastKnownFileType = file.storyboard; name = Base; path = Base.lproj/Main.storyboard; sourceTree = "<group>"; };
		70B85EF620418EA200D46E4D /* Assets.xcassets */ = {isa = PBXFileReference; lastKnownFileType = folder.assetcatalog; path = Assets.xcassets; sourceTree = "<group>"; };
		70B85EF920418EA200D46E4D /* Base */ = {isa = PBXFileReference; lastKnownFileType = file.storyboard; name = Base; path = Base.lproj/LaunchScreen.storyboard; sourceTree = "<group>"; };
		70B85EFB20418EA200D46E4D /* Info.plist */ = {isa = PBXFileReference; lastKnownFileType = text.plist.xml; path = Info.plist; sourceTree = "<group>"; };
		70B85EFC20418EA200D46E4D /* main.m */ = {isa = PBXFileReference; lastKnownFileType = sourcecode.c.objc; path = main.m; sourceTree = "<group>"; };
		70B85F0320418EE800D46E4D /* SecondViewController.h */ = {isa = PBXFileReference; lastKnownFileType = sourcecode.c.h; path = SecondViewController.h; sourceTree = "<group>"; };
		70B85F0420418EE800D46E4D /* SecondViewController.m */ = {isa = PBXFileReference; lastKnownFileType = sourcecode.c.objc; path = SecondViewController.m; sourceTree = "<group>"; };
/* End PBXFileReference section */

/* Begin PBXFrameworksBuildPhase section */
		70B85EE720418EA200D46E4D /* Frameworks */ = {
			isa = PBXFrameworksBuildPhase;
			buildActionMask = 2147483647;
			files = (
			);
			runOnlyForDeploymentPostprocessing = 0;
		};
/* End PBXFrameworksBuildPhase section */

/* Begin PBXGroup section */
		70B85EE120418EA200D46E4D = {
			isa = PBXGroup;
			children = (
				70B85EEC20418EA200D46E4D /* retainCycleDemo */,
				70B85EEB20418EA200D46E4D /* Products */,
			);
			sourceTree = "<group>";
		};
		70B85EEB20418EA200D46E4D /* Products */ = {
			isa = PBXGroup;
			children = (
				70B85EEA20418EA200D46E4D /* retainCycleDemo.app */,
			);
			name = Products;
			sourceTree = "<group>";
		};
		70B85EEC20418EA200D46E4D /* retainCycleDemo */ = {
			isa = PBXGroup;
			children = (
				70B85EED20418EA200D46E4D /* AppDelegate.h */,
				70B85EEE20418EA200D46E4D /* AppDelegate.m */,
				70B85F0320418EE800D46E4D /* SecondViewController.h */,
				70B85F0420418EE800D46E4D /* SecondViewController.m */,
				70B85EF020418EA200D46E4D /* ViewController.h */,
				70B85EF120418EA200D46E4D /* ViewController.m */,
				70B85EF320418EA200D46E4D /* Main.storyboard */,
				70B85EF620418EA200D46E4D /* Assets.xcassets */,
				70B85EF820418EA200D46E4D /* LaunchScreen.storyboard */,
				70B85EFB20418EA200D46E4D /* Info.plist */,
				70B85EFC20418EA200D46E4D /* main.m */,
			);
			path = retainCycleDemo;
			sourceTree = "<group>";
		};
/* End PBXGroup section */

/* Begin PBXNativeTarget section */
		70B85EE920418EA200D46E4D /* retainCycleDemo */ = {
			isa = PBXNativeTarget;
			buildConfigurationList = 70B85F0020418EA200D46E4D /* Build configuration list for PBXNativeTarget "retainCycleDemo" */;
			buildPhases = (
				70B85EE620418EA200D46E4D /* Sources */,
				70B85EE720418EA200D46E4D /* Frameworks */,
				70B85EE820418EA200D46E4D /* Resources */,
			);
			buildRules = (
			);
			dependencies = (
			);
			name = retainCycleDemo;
			productName = retainCycleDemo;
			productReference = 70B85EEA20418EA200D46E4D /* retainCycleDemo.app */;
			productType = "com.apple.product-type.application";
		};
/* End PBXNativeTarget section */

/* Begin PBXProject section */
		70B85EE220418EA200D46E4D /* Project object */ = {
			isa = PBXProject;
			attributes = {
				LastUpgradeCheck = 0920;
				ORGANIZATIONNAME = halohily;
				TargetAttributes = {
					70B85EE920418EA200D46E4D = {
						CreatedOnToolsVersion = 9.2;
						ProvisioningStyle = Automatic;
					};
				};
			};
			buildConfigurationList = 70B85EE520418EA200D46E4D /* Build configuration list for PBXProject "retainCycleDemo" */;
			compatibilityVersion = "Xcode 8.0";
			developmentRegion = en;
			hasScannedForEncodings = 0;
			knownRegions = (
				en,
				Base,
			);
			mainGroup = 70B85EE120418EA200D46E4D;
			productRefGroup = 70B85EEB20418EA200D46E4D /* Products */;
			projectDirPath = "";
			projectRoot = "";
			targets = (
				70B85EE920418EA200D46E4D /* retainCycleDemo */,
			);
		};
/* End PBXProject section */

/* Begin PBXResourcesBuildPhase section */
		70B85EE820418EA200D46E4D /* Resources */ = {
			isa = PBXResourcesBuildPhase;
			buildActionMask = 2147483647;
			files = (
				70B85EFA20418EA200D46E4D /* LaunchScreen.storyboard in Resources */,
				70B85EF720418EA200D46E4D /* Assets.xcassets in Resources */,
				70B85EF520418EA200D46E4D /* Main.storyboard in Resources */,
			);
			runOnlyForDeploymentPostprocessing = 0;
		};
/* End PBXResourcesBuildPhase section */

/* Begin PBXSourcesBuildPhase section */
		70B85EE620418EA200D46E4D /* Sources */ = {
			isa = PBXSourcesBuildPhase;
			buildActionMask = 2147483647;
			files = (
				70B85F0520418EE800D46E4D /* SecondViewController.m in Sources */,
				70B85EF220418EA200D46E4D /* ViewController.m in Sources */,
				70B85EFD20418EA200D46E4D /* main.m in Sources */,
				70B85EEF20418EA200D46E4D /* AppDelegate.m in Sources */,
			);
			runOnlyForDeploymentPostprocessing = 0;
		};
/* End PBXSourcesBuildPhase section */

/* Begin PBXVariantGroup section */
		70B85EF320418EA200D46E4D /* Main.storyboard */ = {
			isa = PBXVariantGroup;
			children = (
				70B85EF420418EA200D46E4D /* Base */,
			);
			name = Main.storyboard;
			sourceTree = "<group>";
		};
		70B85EF820418EA200D46E4D /* LaunchScreen.storyboard */ = {
			isa = PBXVariantGroup;
			children = (
				70B85EF920418EA200D46E4D /* Base */,
			);
			name = LaunchScreen.storyboard;
			sourceTree = "<group>";
		};
/* End PBXVariantGroup section */

/* Begin XCBuildConfiguration section */
		70B85EFE20418EA200D46E4D /* Debug */ = {
			isa = XCBuildConfiguration;
			buildSettings = {
				ALWAYS_SEARCH_USER_PATHS = NO;
				CLANG_ANALYZER_NONNULL = YES;
				CLANG_ANALYZER_NUMBER_OBJECT_CONVERSION = YES_AGGRESSIVE;
				CLANG_CXX_LANGUAGE_STANDARD = "gnu++14";
				CLANG_CXX_LIBRARY = "libc++";
				CLANG_ENABLE_MODULES = YES;
				CLANG_ENABLE_OBJC_ARC = YES;
				CLANG_WARN_BLOCK_CAPTURE_AUTORELEASING = YES;
				CLANG_WARN_BOOL_CONVERSION = YES;
				CLANG_WARN_COMMA = YES;
				CLANG_WARN_CONSTANT_CONVERSION = YES;
				CLANG_WARN_DIRECT_OBJC_ISA_USAGE = YES_ERROR;
				CLANG_WARN_DOCUMENTATION_COMMENTS = YES;
				CLANG_WARN_EMPTY_BODY = YES;
				CLANG_WARN_ENUM_CONVERSION = YES;
				CLANG_WARN_INFINITE_RECURSION = YES;
				CLANG_WARN_INT_CONVERSION = YES;
				CLANG_WARN_NON_LITERAL_NULL_CONVERSION = YES;
				CLANG_WARN_OBJC_LITERAL_CONVERSION = YES;
				CLANG_WARN_OBJC_ROOT_CLASS = YES_ERROR;
				CLANG_WARN_RANGE_LOOP_ANALYSIS = YES;
				CLANG_WARN_STRICT_PROTOTYPES = YES;
				CLANG_WARN_SUSPICIOUS_MOVE = YES;
				CLANG_WARN_UNGUARDED_AVAILABILITY = YES_AGGRESSIVE;
				CLANG_WARN_UNREACHABLE_CODE = YES;
				CLANG_WARN__DUPLICATE_METHOD_MATCH = YES;
				CODE_SIGN_IDENTITY = "iPhone Developer";
				COPY_PHASE_STRIP = NO;
				DEBUG_INFORMATION_FORMAT = dwarf;
				ENABLE_STRICT_OBJC_MSGSEND = YES;
				ENABLE_TESTABILITY = YES;
				GCC_C_LANGUAGE_STANDARD = gnu11;
				GCC_DYNAMIC_NO_PIC = NO;
				GCC_NO_COMMON_BLOCKS = YES;
				GCC_OPTIMIZATION_LEVEL = 0;
				GCC_PREPROCESSOR_DEFINITIONS = (
					"DEBUG=1",
					"$(inherited)",
				);
				GCC_WARN_64_TO_32_BIT_CONVERSION = YES;
				GCC_WARN_ABOUT_RETURN_TYPE = YES_ERROR;
				GCC_WARN_UNDECLARED_SELECTOR = YES;
				GCC_WARN_UNINITIALIZED_AUTOS = YES_AGGRESSIVE;
				GCC_WARN_UNUSED_FUNCTION = YES;
				GCC_WARN_UNUSED_VARIABLE = YES;
				IPHONEOS_DEPLOYMENT_TARGET = 11.2;
				MTL_ENABLE_DEBUG_INFO = YES;
				ONLY_ACTIVE_ARCH = YES;
				SDKROOT = iphoneos;
			};
			name = Debug;
		};
		70B85EFF20418EA200D46E4D /* Release */ = {
			isa = XCBuildConfiguration;
			buildSettings = {
				ALWAYS_SEARCH_USER_PATHS = NO;
				CLANG_ANALYZER_NONNULL = YES;
				CLANG_ANALYZER_NUMBER_OBJECT_CONVERSION = YES_AGGRESSIVE;
				CLANG_CXX_LANGUAGE_STANDARD = "gnu++14";
				CLANG_CXX_LIBRARY = "libc++";
				CLANG_ENABLE_MODULES = YES;
				CLANG_ENABLE_OBJC_ARC = YES;
				CLANG_WARN_BLOCK_CAPTURE_AUTORELEASING = YES;
				CLANG_WARN_BOOL_CONVERSION = YES;
				CLANG_WARN_COMMA = YES;
				CLANG_WARN_CONSTANT_CONVERSION = YES;
				CLANG_WARN_DIRECT_OBJC_ISA_USAGE = YES_ERROR;
				CLANG_WARN_DOCUMENTATION_COMMENTS = YES;
				CLANG_WARN_EMPTY_BODY = YES;
				CLANG_WARN_ENUM_CONVERSION = YES;
				CLANG_WARN_INFINITE_RECURSION = YES;
				CLANG_WARN_INT_CONVERSION = YES;
				CLANG_WARN_NON_LITERAL_NULL_CONVERSION = YES;
				CLANG_WARN_OBJC_LITERAL_CONVERSION = YES;
				CLANG_WARN_OBJC_ROOT_CLASS = YES_ERROR;
				CLANG_WARN_RANGE_LOOP_ANALYSIS = YES;
				CLANG_WARN_STRICT_PROTOTYPES = YES;
				CLANG_WARN_SUSPICIOUS_MOVE = YES;
				CLANG_WARN_UNGUARDED_AVAILABILITY = YES_AGGRESSIVE;
				CLANG_WARN_UNREACHABLE_CODE = YES;
				CLANG_WARN__DUPLICATE_METHOD_MATCH = YES;
				CODE_SIGN_IDENTITY = "iPhone Developer";
				COPY_PHASE_STRIP = NO;
				DEBUG_INFORMATION_FORMAT = "dwarf-with-dsym";
				ENABLE_NS_ASSERTIONS = NO;
				ENABLE_STRICT_OBJC_MSGSEND = YES;
				GCC_C_LANGUAGE_STANDARD = gnu11;
				GCC_NO_COMMON_BLOCKS = YES;
				GCC_WARN_64_TO_32_BIT_CONVERSION = YES;
				GCC_WARN_ABOUT_RETURN_TYPE = YES_ERROR;
				GCC_WARN_UNDECLARED_SELECTOR = YES;
				GCC_WARN_UNINITIALIZED_AUTOS = YES_AGGRESSIVE;
				GCC_WARN_UNUSED_FUNCTION = YES;
				GCC_WARN_UNUSED_VARIABLE = YES;
				IPHONEOS_DEPLOYMENT_TARGET = 11.2;
				MTL_ENABLE_DEBUG_INFO = NO;
				SDKROOT = iphoneos;
				VALIDATE_PRODUCT = YES;
			};
			name = Release;
		};
		70B85F0120418EA200D46E4D /* Debug */ = {
			isa = XCBuildConfiguration;
			buildSettings = {
				ASSETCATALOG_COMPILER_APPICON_NAME = AppIcon;
				CODE_SIGN_STYLE = Automatic;
				DEVELOPMENT_TEAM = 7A3KW6B45M;
				INFOPLIST_FILE = retainCycleDemo/Info.plist;
				LD_RUNPATH_SEARCH_PATHS = "$(inherited) @executable_path/Frameworks";
				PRODUCT_BUNDLE_IDENTIFIER = halohily.retainCycleDemo;
				PRODUCT_NAME = "$(TARGET_NAME)";
				TARGETED_DEVICE_FAMILY = "1,2";
			};
			name = Debug;
		};
		70B85F0220418EA200D46E4D /* Release */ = {
			isa = XCBuildConfiguration;
			buildSettings = {
				ASSETCATALOG_COMPILER_APPICON_NAME = AppIcon;
				CODE_SIGN_STYLE = Automatic;
				DEVELOPMENT_TEAM = 7A3KW6B45M;
				INFOPLIST_FILE = retainCycleDemo/Info.plist;
				LD_RUNPATH_SEARCH_PATHS = "$(inherited) @executable_path/Frameworks";
				PRODUCT_BUNDLE_IDENTIFIER = halohily.retainCycleDemo;
				PRODUCT_NAME = "$(TARGET_NAME)";
				TARGETED_DEVICE_FAMILY = "1,2";
			};
			name = Release;
		};
/* End XCBuildConfiguration section */

/* Begin XCConfigurationList section */
		70B85EE520418EA200D46E4D /* Build configuration list for PBXProject "retainCycleDemo" */ = {
			isa = XCConfigurationList;
			buildConfigurations = (
				70B85EFE20418EA200D46E4D /* Debug */,
				70B85EFF20418EA200D46E4D /* Release */,
			);
			defaultConfigurationIsVisible = 0;
			defaultConfigurationName = Release;
		};
		70B85F0020418EA200D46E4D /* Build configuration list for PBXNativeTarget "retainCycleDemo" */ = {
			isa = XCConfigurationList;
			buildConfigurations = (
				70B85F0120418EA200D46E4D /* Debug */,
				70B85F0220418EA200D46E4D /* Release */,
			);
			defaultConfigurationIsVisible = 0;
			defaultConfigurationName = Release;
		};
/* End XCConfigurationList section */
	};
	rootObject = 70B85EE220418EA200D46E4D /* Project object */;
}
